{
    "hash": "b120a9e938dd6a90a45749d25c0b23b8",
    "packages": [
        {
            "package": "amazonwebservices/aws-sdk-for-php",
            "version": "1.5.14"
        },
        {
            "package": "stripe/stripe-php",
            "version": "v1.7.6"
        }
    ],
    "packages-dev": null,
    "aliases": [

    ],
    "minimum-stability": "stable",
    "stability-flags": [

    ]
}
